// !$*UTF8*$!
{
	archiveVersion = 1;
	classes = {
	};
	objectVersion = 50;
	objects = {

/* Begin PBXBuildFile section */
		1E03204122911C940014264B /* AppDelegate.swift in Sources */ = {isa = PBXBuildFile; fileRef = 1E03204022911C940014264B /* AppDelegate.swift */; };
		1E03204322911C940014264B /* ViewController.swift in Sources */ = {isa = PBXBuildFile; fileRef = 1E03204222911C940014264B /* ViewController.swift */; };
		1E03204622911C940014264B /* Main.storyboard in Resources */ = {isa = PBXBuildFile; fileRef = 1E03204422911C940014264B /* Main.storyboard */; };
		1E03204822911C950014264B /* Assets.xcassets in Resources */ = {isa = PBXBuildFile; fileRef = 1E03204722911C950014264B /* Assets.xcassets */; };
		1E03204B22911C950014264B /* LaunchScreen.storyboard in Resources */ = {isa = PBXBuildFile; fileRef = 1E03204922911C950014264B /* LaunchScreen.storyboard */; };
		1ED2F5182292749600F7C051 /* BaseView.swift in Sources */ = {isa = PBXBuildFile; fileRef = 1ED2F5172292749600F7C051 /* BaseView.swift */; };
		1ED2F51A2292827A00F7C051 /* FoodDetailsView.swift in Sources */ = {isa = PBXBuildFile; fileRef = 1ED2F5192292827A00F7C051 /* FoodDetailsView.swift */; };
		1ED2F5202292868500F7C051 /* FoodDetailsVC.swift in Sources */ = {isa = PBXBuildFile; fileRef = 1ED2F51F2292868500F7C051 /* FoodDetailsVC.swift */; };
		1ED2F523229287C000F7C051 /* ResturantTableVC.swift in Sources */ = {isa = PBXBuildFile; fileRef = 1ED2F522229287C000F7C051 /* ResturantTableVC.swift */; };
		1ED2F5282292886300F7C051 /* ResturantTableVCCell.swift in Sources */ = {isa = PBXBuildFile; fileRef = 1ED2F5272292886300F7C051 /* ResturantTableVCCell.swift */; };
		1ED2F52B22928BC400F7C051 /* LocationView.swift in Sources */ = {isa = PBXBuildFile; fileRef = 1ED2F52A22928BC400F7C051 /* LocationView.swift */; };
		1ED2F52E22928C8F00F7C051 /* LocatoinVC.swift in Sources */ = {isa = PBXBuildFile; fileRef = 1ED2F52D22928C8F00F7C051 /* LocatoinVC.swift */; };
/* End PBXBuildFile section */

/* Begin PBXFileReference section */
		1E03203D22911C940014264B /* Resturant.app */ = {isa = PBXFileReference; explicitFileType = wrapper.application; includeInIndex = 0; path = Resturant.app; sourceTree = BUILT_PRODUCTS_DIR; };
		1E03204022911C940014264B /* AppDelegate.swift */ = {isa = PBXFileReference; lastKnownFileType = sourcecode.swift; path = AppDelegate.swift; sourceTree = "<group>"; };
		1E03204222911C940014264B /* ViewController.swift */ = {isa = PBXFileReference; lastKnownFileType = sourcecode.swift; path = ViewController.swift; sourceTree = "<group>"; };
		1E03204522911C940014264B /* Base */ = {isa = PBXFileReference; lastKnownFileType = file.storyboard; name = Base; path = Base.lproj/Main.storyboard; sourceTree = "<group>"; };
		1E03204722911C950014264B /* Assets.xcassets */ = {isa = PBXFileReference; lastKnownFileType = folder.assetcatalog; path = Assets.xcassets; sourceTree = "<group>"; };
		1E03204A22911C950014264B /* Base */ = {isa = PBXFileReference; lastKnownFileType = file.storyboard; name = Base; path = Base.lproj/LaunchScreen.storyboard; sourceTree = "<group>"; };
		1E03204C22911C950014264B /* Info.plist */ = {isa = PBXFileReference; lastKnownFileType = text.plist.xml; path = Info.plist; sourceTree = "<group>"; };
		1ED2F5172292749600F7C051 /* BaseView.swift */ = {isa = PBXFileReference; lastKnownFileType = sourcecode.swift; path = BaseView.swift; sourceTree = "<group>"; };
		1ED2F5192292827A00F7C051 /* FoodDetailsView.swift */ = {isa = PBXFileReference; lastKnownFileType = sourcecode.swift; path = FoodDetailsView.swift; sourceTree = "<group>"; };
		1ED2F51F2292868500F7C051 /* FoodDetailsVC.swift */ = {isa = PBXFileReference; lastKnownFileType = sourcecode.swift; path = FoodDetailsVC.swift; sourceTree = "<group>"; };
		1ED2F522229287C000F7C051 /* ResturantTableVC.swift */ = {isa = PBXFileReference; lastKnownFileType = sourcecode.swift; path = ResturantTableVC.swift; sourceTree = "<group>"; };
		1ED2F5272292886300F7C051 /* ResturantTableVCCell.swift */ = {isa = PBXFileReference; lastKnownFileType = sourcecode.swift; path = ResturantTableVCCell.swift; sourceTree = "<group>"; };
		1ED2F52A22928BC400F7C051 /* LocationView.swift */ = {isa = PBXFileReference; lastKnownFileType = sourcecode.swift; path = LocationView.swift; sourceTree = "<group>"; };
		1ED2F52D22928C8F00F7C051 /* LocatoinVC.swift */ = {isa = PBXFileReference; lastKnownFileType = sourcecode.swift; path = LocatoinVC.swift; sourceTree = "<group>"; };
/* End PBXFileReference section */

/* Begin PBXFrameworksBuildPhase section */
		1E03203A22911C940014264B /* Frameworks */ = {
			isa = PBXFrameworksBuildPhase;
			buildActionMask = 2147483647;
			files = (
			);
			runOnlyForDeploymentPostprocessing = 0;
		};
/* End PBXFrameworksBuildPhase section */

/* Begin PBXGroup section */
		1E03203422911C940014264B = {
			isa = PBXGroup;
			children = (
				1E03203F22911C940014264B /* Resturant */,
				1E03203E22911C940014264B /* Products */,
			);
			sourceTree = "<group>";
		};
		1E03203E22911C940014264B /* Products */ = {
			isa = PBXGroup;
			children = (
				1E03203D22911C940014264B /* Resturant.app */,
			);
			name = Products;
			sourceTree = "<group>";
		};
		1E03203F22911C940014264B /* Resturant */ = {
			isa = PBXGroup;
			children = (
				1ED2F5132292742E00F7C051 /* Controller */,
				1ED2F5142292743F00F7C051 /* View */,
				1ED2F5152292745000F7C051 /* SupportedFiles */,
			);
			path = Resturant;
			sourceTree = "<group>";
		};
		1ED2F5132292742E00F7C051 /* Controller */ = {
			isa = PBXGroup;
			children = (
				1ED2F5162292748400F7C051 /* Screen */,
				1E03204022911C940014264B /* AppDelegate.swift */,
				1E03204222911C940014264B /* ViewController.swift */,
				1ED2F5172292749600F7C051 /* BaseView.swift */,
			);
			path = Controller;
			sourceTree = "<group>";
		};
		1ED2F5142292743F00F7C051 /* View */ = {
			isa = PBXGroup;
			children = (
				1E03204422911C940014264B /* Main.storyboard */,
				1E03204922911C950014264B /* LaunchScreen.storyboard */,
			);
			path = View;
			sourceTree = "<group>";
		};
		1ED2F5152292745000F7C051 /* SupportedFiles */ = {
			isa = PBXGroup;
			children = (
				1E03204722911C950014264B /* Assets.xcassets */,
				1E03204C22911C950014264B /* Info.plist */,
			);
			path = SupportedFiles;
			sourceTree = "<group>";
		};
		1ED2F5162292748400F7C051 /* Screen */ = {
			isa = PBXGroup;
			children = (
				1ED2F52922928B9E00F7C051 /* Location */,
				1ED2F5212292878600F7C051 /* List */,
				1ED2F51B229285D000F7C051 /* FoodDetails */,
			);
			path = Screen;
			sourceTree = "<group>";
		};
		1ED2F51B229285D000F7C051 /* FoodDetails */ = {
			isa = PBXGroup;
			children = (
				1ED2F51C229285E400F7C051 /* Views */,
				1ED2F51F2292868500F7C051 /* FoodDetailsVC.swift */,
			);
			path = FoodDetails;
			sourceTree = "<group>";
		};
		1ED2F51C229285E400F7C051 /* Views */ = {
			isa = PBXGroup;
			children = (
				1ED2F5192292827A00F7C051 /* FoodDetailsView.swift */,
			);
			path = Views;
			sourceTree = "<group>";
		};
		1ED2F5212292878600F7C051 /* List */ = {
			isa = PBXGroup;
			children = (
				1ED2F524229287CC00F7C051 /* Views */,
				1ED2F522229287C000F7C051 /* ResturantTableVC.swift */,
			);
			path = List;
			sourceTree = "<group>";
		};
		1ED2F524229287CC00F7C051 /* Views */ = {
			isa = PBXGroup;
			children = (
				1ED2F5272292886300F7C051 /* ResturantTableVCCell.swift */,
			);
			path = Views;
			sourceTree = "<group>";
		};
		1ED2F52922928B9E00F7C051 /* Location */ = {
			isa = PBXGroup;
			children = (
				1ED2F52C22928C7500F7C051 /* Views */,
				1ED2F52D22928C8F00F7C051 /* LocatoinVC.swift */,
			);
			path = Location;
			sourceTree = "<group>";
		};
		1ED2F52C22928C7500F7C051 /* Views */ = {
			isa = PBXGroup;
			children = (
				1ED2F52A22928BC400F7C051 /* LocationView.swift */,
			);
			path = Views;
			sourceTree = "<group>";
		};
/* End PBXGroup section */

/* Begin PBXNativeTarget section */
		1E03203C22911C940014264B /* Resturant */ = {
			isa = PBXNativeTarget;
			buildConfigurationList = 1E03204F22911C950014264B /* Build configuration list for PBXNativeTarget "Resturant" */;
			buildPhases = (
				1E03203922911C940014264B /* Sources */,
				1E03203A22911C940014264B /* Frameworks */,
				1E03203B22911C940014264B /* Resources */,
			);
			buildRules = (
			);
			dependencies = (
			);
			name = Resturant;
			productName = Resturant;
			productReference = 1E03203D22911C940014264B /* Resturant.app */;
			productType = "com.apple.product-type.application";
		};
/* End PBXNativeTarget section */

/* Begin PBXProject section */
		1E03203522911C940014264B /* Project object */ = {
			isa = PBXProject;
			attributes = {
				LastSwiftUpdateCheck = 1020;
				LastUpgradeCheck = 1020;
				ORGANIZATIONNAME = "reza abdolmaleki";
				TargetAttributes = {
					1E03203C22911C940014264B = {
						CreatedOnToolsVersion = 10.2.1;
					};
				};
			};
			buildConfigurationList = 1E03203822911C940014264B /* Build configuration list for PBXProject "Resturant" */;
			compatibilityVersion = "Xcode 9.3";
			developmentRegion = en;
			hasScannedForEncodings = 0;
			knownRegions = (
				en,
				Base,
			);
			mainGroup = 1E03203422911C940014264B;
			productRefGroup = 1E03203E22911C940014264B /* Products */;
			projectDirPath = "";
			projectRoot = "";
			targets = (
				1E03203C22911C940014264B /* Resturant */,
			);
		};
/* End PBXProject section */

/* Begin PBXResourcesBuildPhase section */
		1E03203B22911C940014264B /* Resources */ = {
			isa = PBXResourcesBuildPhase;
			buildActionMask = 2147483647;
			files = (
				1E03204B22911C950014264B /* LaunchScreen.storyboard in Resources */,
				1E03204822911C950014264B /* Assets.xcassets in Resources */,
				1E03204622911C940014264B /* Main.storyboard in Resources */,
			);
			runOnlyForDeploymentPostprocessing = 0;
		};
/* End PBXResourcesBuildPhase section */

/* Begin PBXSourcesBuildPhase section */
		1E03203922911C940014264B /* Sources */ = {
			isa = PBXSourcesBuildPhase;
			buildActionMask = 2147483647;
			files = (
				1ED2F5182292749600F7C051 /* BaseView.swift in Sources */,
				1ED2F52B22928BC400F7C051 /* LocationView.swift in Sources */,
				1ED2F51A2292827A00F7C051 /* FoodDetailsView.swift in Sources */,
				1E03204322911C940014264B /* ViewController.swift in Sources */,
				1ED2F5202292868500F7C051 /* FoodDetailsVC.swift in Sources */,
				1ED2F5282292886300F7C051 /* ResturantTableVCCell.swift in Sources */,
				1ED2F523229287C000F7C051 /* ResturantTableVC.swift in Sources */,
				1ED2F52E22928C8F00F7C051 /* LocatoinVC.swift in Sources */,
				1E03204122911C940014264B /* AppDelegate.swift in Sources */,
			);
			runOnlyForDeploymentPostprocessing = 0;
		};
/* End PBXSourcesBuildPhase section */

/* Begin PBXVariantGroup section */
		1E03204422911C940014264B /* Main.storyboard */ = {
			isa = PBXVariantGroup;
			children = (
				1E03204522911C940014264B /* Base */,
			);
			name = Main.storyboard;
			sourceTree = "<group>";
		};
		1E03204922911C950014264B /* LaunchScreen.storyboard */ = {
			isa = PBXVariantGroup;
			children = (
				1E03204A22911C950014264B /* Base */,
			);
			name = LaunchScreen.storyboard;
			sourceTree = "<group>";
		};
/* End PBXVariantGroup section */

/* Begin XCBuildConfiguration section */
		1E03204D22911C950014264B /* Debug */ = {
			isa = XCBuildConfiguration;
			buildSettings = {
				ALWAYS_SEARCH_USER_PATHS = NO;
				CLANG_ANALYZER_NONNULL = YES;
				CLANG_ANALYZER_NUMBER_OBJECT_CONVERSION = YES_AGGRESSIVE;
				CLANG_CXX_LANGUAGE_STANDARD = "gnu++14";
				CLANG_CXX_LIBRARY = "libc++";
				CLANG_ENABLE_MODULES = YES;
				CLANG_ENABLE_OBJC_ARC = YES;
				CLANG_ENABLE_OBJC_WEAK = YES;
				CLANG_WARN_BLOCK_CAPTURE_AUTORELEASING = YES;
				CLANG_WARN_BOOL_CONVERSION = YES;
				CLANG_WARN_COMMA = YES;
				CLANG_WARN_CONSTANT_CONVERSION = YES;
				CLANG_WARN_DEPRECATED_OBJC_IMPLEMENTATIONS = YES;
				CLANG_WARN_DIRECT_OBJC_ISA_USAGE = YES_ERROR;
				CLANG_WARN_DOCUMENTATION_COMMENTS = YES;
				CLANG_WARN_EMPTY_BODY = YES;
				CLANG_WARN_ENUM_CONVERSION = YES;
				CLANG_WARN_INFINITE_RECURSION = YES;
				CLANG_WARN_INT_CONVERSION = YES;
				CLANG_WARN_NON_LITERAL_NULL_CONVERSION = YES;
				CLANG_WARN_OBJC_IMPLICIT_RETAIN_SELF = YES;
				CLANG_WARN_OBJC_LITERAL_CONVERSION = YES;
				CLANG_WARN_OBJC_ROOT_CLASS = YES_ERROR;
				CLANG_WARN_RANGE_LOOP_ANALYSIS = YES;
				CLANG_WARN_STRICT_PROTOTYPES = YES;
				CLANG_WARN_SUSPICIOUS_MOVE = YES;
				CLANG_WARN_UNGUARDED_AVAILABILITY = YES_AGGRESSIVE;
				CLANG_WARN_UNREACHABLE_CODE = YES;
				CLANG_WARN__DUPLICATE_METHOD_MATCH = YES;
				CODE_SIGN_IDENTITY = "iPhone Developer";
				COPY_PHASE_STRIP = NO;
				DEBUG_INFORMATION_FORMAT = dwarf;
				ENABLE_STRICT_OBJC_MSGSEND = YES;
				ENABLE_TESTABILITY = YES;
				GCC_C_LANGUAGE_STANDARD = gnu11;
				GCC_DYNAMIC_NO_PIC = NO;
				GCC_NO_COMMON_BLOCKS = YES;
				GCC_OPTIMIZATION_LEVEL = 0;
				GCC_PREPROCESSOR_DEFINITIONS = (
					"DEBUG=1",
					"$(inherited)",
				);
				GCC_WARN_64_TO_32_BIT_CONVERSION = YES;
				GCC_WARN_ABOUT_RETURN_TYPE = YES_ERROR;
				GCC_WARN_UNDECLARED_SELECTOR = YES;
				GCC_WARN_UNINITIALIZED_AUTOS = YES_AGGRESSIVE;
				GCC_WARN_UNUSED_FUNCTION = YES;
				GCC_WARN_UNUSED_VARIABLE = YES;
				IPHONEOS_DEPLOYMENT_TARGET = 12.2;
				MTL_ENABLE_DEBUG_INFO = INCLUDE_SOURCE;
				MTL_FAST_MATH = YES;
				ONLY_ACTIVE_ARCH = YES;
				SDKROOT = iphoneos;
				SWIFT_ACTIVE_COMPILATION_CONDITIONS = DEBUG;
				SWIFT_OPTIMIZATION_LEVEL = "-Onone";
			};
			name = Debug;
		};
		1E03204E22911C950014264B /* Release */ = {
			isa = XCBuildConfiguration;
			buildSettings = {
				ALWAYS_SEARCH_USER_PATHS = NO;
				CLANG_ANALYZER_NONNULL = YES;
				CLANG_ANALYZER_NUMBER_OBJECT_CONVERSION = YES_AGGRESSIVE;
				CLANG_CXX_LANGUAGE_STANDARD = "gnu++14";
				CLANG_CXX_LIBRARY = "libc++";
				CLANG_ENABLE_MODULES = YES;
				CLANG_ENABLE_OBJC_ARC = YES;
				CLANG_ENABLE_OBJC_WEAK = YES;
				CLANG_WARN_BLOCK_CAPTURE_AUTORELEASING = YES;
				CLANG_WARN_BOOL_CONVERSION = YES;
				CLANG_WARN_COMMA = YES;
				CLANG_WARN_CONSTANT_CONVERSION = YES;
				CLANG_WARN_DEPRECATED_OBJC_IMPLEMENTATIONS = YES;
				CLANG_WARN_DIRECT_OBJC_ISA_USAGE = YES_ERROR;
				CLANG_WARN_DOCUMENTATION_COMMENTS = YES;
				CLANG_WARN_EMPTY_BODY = YES;
				CLANG_WARN_ENUM_CONVERSION = YES;
				CLANG_WARN_INFINITE_RECURSION = YES;
				CLANG_WARN_INT_CONVERSION = YES;
				CLANG_WARN_NON_LITERAL_NULL_CONVERSION = YES;
				CLANG_WARN_OBJC_IMPLICIT_RETAIN_SELF = YES;
				CLANG_WARN_OBJC_LITERAL_CONVERSION = YES;
				CLANG_WARN_OBJC_ROOT_CLASS = YES_ERROR;
				CLANG_WARN_RANGE_LOOP_ANALYSIS = YES;
				CLANG_WARN_STRICT_PROTOTYPES = YES;
				CLANG_WARN_SUSPICIOUS_MOVE = YES;
				CLANG_WARN_UNGUARDED_AVAILABILITY = YES_AGGRESSIVE;
				CLANG_WARN_UNREACHABLE_CODE = YES;
				CLANG_WARN__DUPLICATE_METHOD_MATCH = YES;
				CODE_SIGN_IDENTITY = "iPhone Developer";
				COPY_PHASE_STRIP = NO;
				DEBUG_INFORMATION_FORMAT = "dwarf-with-dsym";
				ENABLE_NS_ASSERTIONS = NO;
				ENABLE_STRICT_OBJC_MSGSEND = YES;
				GCC_C_LANGUAGE_STANDARD = gnu11;
				GCC_NO_COMMON_BLOCKS = YES;
				GCC_WARN_64_TO_32_BIT_CONVERSION = YES;
				GCC_WARN_ABOUT_RETURN_TYPE = YES_ERROR;
				GCC_WARN_UNDECLARED_SELECTOR = YES;
				GCC_WARN_UNINITIALIZED_AUTOS = YES_AGGRESSIVE;
				GCC_WARN_UNUSED_FUNCTION = YES;
				GCC_WARN_UNUSED_VARIABLE = YES;
				IPHONEOS_DEPLOYMENT_TARGET = 12.2;
				MTL_ENABLE_DEBUG_INFO = NO;
				MTL_FAST_MATH = YES;
				SDKROOT = iphoneos;
				SWIFT_COMPILATION_MODE = wholemodule;
				SWIFT_OPTIMIZATION_LEVEL = "-O";
				VALIDATE_PRODUCT = YES;
			};
			name = Release;
		};
		1E03205022911C950014264B /* Debug */ = {
			isa = XCBuildConfiguration;
			buildSettings = {
				ASSETCATALOG_COMPILER_APPICON_NAME = AppIcon;
				CODE_SIGN_STYLE = Automatic;
				DEVELOPMENT_TEAM = 6AYPC4FR7S;
				INFOPLIST_FILE = "$(SRCROOT)/Resturant/SupportedFiles/Info.plist";
				LD_RUNPATH_SEARCH_PATHS = (
					"$(inherited)",
					"@executable_path/Frameworks",
				);
				PRODUCT_BUNDLE_IDENTIFIER = com.rezaabdolmaleki.Resturant;
				PRODUCT_NAME = "$(TARGET_NAME)";
				SWIFT_VERSION = 5.0;
				TARGETED_DEVICE_FAMILY = 1;
			};
			name = Debug;
		};
		1E03205122911C950014264B /* Release */ = {
			isa = XCBuildConfiguration;
			buildSettings = {
				ASSETCATALOG_COMPILER_APPICON_NAME = AppIcon;
				CODE_SIGN_STYLE = Automatic;
				DEVELOPMENT_TEAM = 6AYPC4FR7S;
				INFOPLIST_FILE = "$(SRCROOT)/Resturant/SupportedFiles/Info.plist";
				LD_RUNPATH_SEARCH_PATHS = (
					"$(inherited)",
					"@executable_path/Frameworks",
				);
				PRODUCT_BUNDLE_IDENTIFIER = com.rezaabdolmaleki.Resturant;
				PRODUCT_NAME = "$(TARGET_NAME)";
				SWIFT_VERSION = 5.0;
				TARGETED_DEVICE_FAMILY = 1;
			};
			name = Release;
		};
/* End XCBuildConfiguration section */

/* Begin XCConfigurationList section */
		1E03203822911C940014264B /* Build configuration list for PBXProject "Resturant" */ = {
			isa = XCConfigurationList;
			buildConfigurations = (
				1E03204D22911C950014264B /* Debug */,
				1E03204E22911C950014264B /* Release */,
			);
			defaultConfigurationIsVisible = 0;
			defaultConfigurationName = Release;
		};
		1E03204F22911C950014264B /* Build configuration list for PBXNativeTarget "Resturant" */ = {
			isa = XCConfigurationList;
			buildConfigurations = (
				1E03205022911C950014264B /* Debug */,
				1E03205122911C950014264B /* Release */,
			);
			defaultConfigurationIsVisible = 0;
			defaultConfigurationName = Release;
		};
/* End XCConfigurationList section */
	};
	rootObject = 1E03203522911C940014264B /* Project object */;
}
